
Microsoft Visual Studio Solution File, Format Version 12.00
# Visual Studio 15
VisualStudioVersion = 15.0.27703.2042
MinimumVisualStudioVersion = 10.0.40219.1
Project("{FAE04EC0-301F-11D3-BF4B-00C04F79EFBC}") = "StudentGrades", "StudentGrades\StudentGrades.csproj", "{B1ECFF48-16E0-470F-BF3F-5FF7BBC42149}"
EndProject
Global
	GlobalSection(SolutionConfigurationPlatforms) = preSolution
		Debug|Any CPU = Debug|Any CPU
		Release|Any CPU = Release|Any CPU
	EndGlobalSection
	GlobalSection(ProjectConfigurationPlatforms) = postSolution
		{B1ECFF48-16E0-470F-BF3F-5FF7BBC42149}.Debug|Any CPU.ActiveCfg = Debug|Any CPU
		{B1ECFF48-16E0-470F-BF3F-5FF7BBC42149}.Debug|Any CPU.Build.0 = Debug|Any CPU
		{B1ECFF48-16E0-470F-BF3F-5FF7BBC42149}.Release|Any CPU.ActiveCfg = Release|Any CPU
		{B1ECFF48-16E0-470F-BF3F-5FF7BBC42149}.Release|Any CPU.Build.0 = Release|Any CPU
	EndGlobalSection
	GlobalSection(SolutionProperties) = preSolution
		HideSolutionNode = FALSE
	EndGlobalSection
	GlobalSection(ExtensibilityGlobals) = postSolution
		SolutionGuid = {9D4FDCCD-7C45-42CA-A642-FEB40E673923}
	EndGlobalSection
EndGlobal
